
Microsoft Visual Studio Solution File, Format Version 12.00
# Visual Studio Version 16
VisualStudioVersion = 16.0.31624.102
MinimumVisualStudioVersion = 10.0.40219.1
Project("{FAE04EC0-301F-11D3-BF4B-00C04F79EFBC}") = "shiv", "shiv.csproj", "{5662DB35-3426-4198-8198-19771A8B649E}"
EndProject
Global
	GlobalSection(SolutionConfigurationPlatforms) = preSolution
		Debug|Any CPU = Debug|Any CPU
		Release|Any CPU = Release|Any CPU
	EndGlobalSection
	GlobalSection(ProjectConfigurationPlatforms) = postSolution
		{5662DB35-3426-4198-8198-19771A8B649E}.Debug|Any CPU.ActiveCfg = Debug|Any CPU
		{5662DB35-3426-4198-8198-19771A8B649E}.Debug|Any CPU.Build.0 = Debug|Any CPU
		{5662DB35-3426-4198-8198-19771A8B649E}.Release|Any CPU.ActiveCfg = Release|Any CPU
		{5662DB35-3426-4198-8198-19771A8B649E}.Release|Any CPU.Build.0 = Release|Any CPU
	EndGlobalSection
	GlobalSection(SolutionProperties) = preSolution
		HideSolutionNode = FALSE
	EndGlobalSection
	GlobalSection(ExtensibilityGlobals) = postSolution
		SolutionGuid = {9FB8CAB1-09DA-4F9D-8263-D86D72CADBF1}
	EndGlobalSection
EndGlobal
